
Microsoft Visual Studio Solution File, Format Version 12.00
# Visual Studio Version 16
VisualStudioVersion = 16.0.29201.188
MinimumVisualStudioVersion = 10.0.40219.1
Project("{FAE04EC0-301F-11D3-BF4B-00C04F79EFBC}") = "EncapsulationBankAccount", "EncapsulationBankAccount\EncapsulationBankAccount.csproj", "{1C986445-1C7F-41FE-9488-5E8603A8AB21}"
EndProject
Global
	GlobalSection(SolutionConfigurationPlatforms) = preSolution
		Debug|Any CPU = Debug|Any CPU
		Release|Any CPU = Release|Any CPU
	EndGlobalSection
	GlobalSection(ProjectConfigurationPlatforms) = postSolution
		{1C986445-1C7F-41FE-9488-5E8603A8AB21}.Debug|Any CPU.ActiveCfg = Debug|Any CPU
		{1C986445-1C7F-41FE-9488-5E8603A8AB21}.Debug|Any CPU.Build.0 = Debug|Any CPU
		{1C986445-1C7F-41FE-9488-5E8603A8AB21}.Release|Any CPU.ActiveCfg = Release|Any CPU
		{1C986445-1C7F-41FE-9488-5E8603A8AB21}.Release|Any CPU.Build.0 = Release|Any CPU
	EndGlobalSection
	GlobalSection(SolutionProperties) = preSolution
		HideSolutionNode = FALSE
	EndGlobalSection
	GlobalSection(ExtensibilityGlobals) = postSolution
		SolutionGuid = {C82A497B-1E24-4BAA-9E5E-8E62AEBD5E1E}
	EndGlobalSection
EndGlobal
